// !$*UTF8*$!
{
	archiveVersion = 1;
	classes = {
	};
	objectVersion = 55;
	objects = {

/* Begin PBXBuildFile section */
		57466E6C2820A9B10078DFFA /* FruitsModel.swift in Sources */ = {isa = PBXBuildFile; fileRef = 57466E6B2820A9B10078DFFA /* FruitsModel.swift */; };
		57466E6F2820AA950078DFFA /* FruitsData.swift in Sources */ = {isa = PBXBuildFile; fileRef = 57466E6E2820AA950078DFFA /* FruitsData.swift */; };
		57BB93D22820572900E38705 /* FructusApp.swift in Sources */ = {isa = PBXBuildFile; fileRef = 57BB93D12820572900E38705 /* FructusApp.swift */; };
		57BB93D42820572900E38705 /* ContentView.swift in Sources */ = {isa = PBXBuildFile; fileRef = 57BB93D32820572900E38705 /* ContentView.swift */; };
		57BB93D62820572B00E38705 /* Assets.xcassets in Resources */ = {isa = PBXBuildFile; fileRef = 57BB93D52820572B00E38705 /* Assets.xcassets */; };
		57BB93D92820572B00E38705 /* Preview Assets.xcassets in Resources */ = {isa = PBXBuildFile; fileRef = 57BB93D82820572B00E38705 /* Preview Assets.xcassets */; };
		57BB93E228206C4100E38705 /* FruitCardView.swift in Sources */ = {isa = PBXBuildFile; fileRef = 57BB93E128206C4100E38705 /* FruitCardView.swift */; };
		57BB93E42820783F00E38705 /* StartButtonView.swift in Sources */ = {isa = PBXBuildFile; fileRef = 57BB93E32820783F00E38705 /* StartButtonView.swift */; };
		57BB93E628207C5900E38705 /* OnboardingView.swift in Sources */ = {isa = PBXBuildFile; fileRef = 57BB93E528207C5900E38705 /* OnboardingView.swift */; };
		57C6818F2821F0B20049AAD0 /* SettingsView.swift in Sources */ = {isa = PBXBuildFile; fileRef = 57C6818E2821F0B20049AAD0 /* SettingsView.swift */; };
		57C681912821F6450049AAD0 /* SettingsLabelView.swift in Sources */ = {isa = PBXBuildFile; fileRef = 57C681902821F6450049AAD0 /* SettingsLabelView.swift */; };
		57E862A228216E4F0014C7BD /* FruitRowView.swift in Sources */ = {isa = PBXBuildFile; fileRef = 57E862A128216E4F0014C7BD /* FruitRowView.swift */; };
		57E862A4282181010014C7BD /* FruitDetailedView.swift in Sources */ = {isa = PBXBuildFile; fileRef = 57E862A3282181010014C7BD /* FruitDetailedView.swift */; };
		57E862A6282197060014C7BD /* FruitHeaderView.swift in Sources */ = {isa = PBXBuildFile; fileRef = 57E862A5282197060014C7BD /* FruitHeaderView.swift */; };
		57E862A8282199DC0014C7BD /* SourceLinkView.swift in Sources */ = {isa = PBXBuildFile; fileRef = 57E862A7282199DC0014C7BD /* SourceLinkView.swift */; };
		57E862AA2821A1B20014C7BD /* FruitNutrientsView.swift in Sources */ = {isa = PBXBuildFile; fileRef = 57E862A92821A1B20014C7BD /* FruitNutrientsView.swift */; };
/* End PBXBuildFile section */

/* Begin PBXFileReference section */
		57466E6B2820A9B10078DFFA /* FruitsModel.swift */ = {isa = PBXFileReference; lastKnownFileType = sourcecode.swift; path = FruitsModel.swift; sourceTree = "<group>"; };
		57466E6E2820AA950078DFFA /* FruitsData.swift */ = {isa = PBXFileReference; lastKnownFileType = sourcecode.swift; path = FruitsData.swift; sourceTree = "<group>"; };
		57BB93CE2820572900E38705 /* Fructus.app */ = {isa = PBXFileReference; explicitFileType = wrapper.application; includeInIndex = 0; path = Fructus.app; sourceTree = BUILT_PRODUCTS_DIR; };
		57BB93D12820572900E38705 /* FructusApp.swift */ = {isa = PBXFileReference; lastKnownFileType = sourcecode.swift; path = FructusApp.swift; sourceTree = "<group>"; };
		57BB93D32820572900E38705 /* ContentView.swift */ = {isa = PBXFileReference; lastKnownFileType = sourcecode.swift; path = ContentView.swift; sourceTree = "<group>"; };
		57BB93D52820572B00E38705 /* Assets.xcassets */ = {isa = PBXFileReference; lastKnownFileType = folder.assetcatalog; path = Assets.xcassets; sourceTree = "<group>"; };
		57BB93D82820572B00E38705 /* Preview Assets.xcassets */ = {isa = PBXFileReference; lastKnownFileType = folder.assetcatalog; path = "Preview Assets.xcassets"; sourceTree = "<group>"; };
		57BB93E128206C4100E38705 /* FruitCardView.swift */ = {isa = PBXFileReference; lastKnownFileType = sourcecode.swift; path = FruitCardView.swift; sourceTree = "<group>"; };
		57BB93E32820783F00E38705 /* StartButtonView.swift */ = {isa = PBXFileReference; lastKnownFileType = sourcecode.swift; path = StartButtonView.swift; sourceTree = "<group>"; };
		57BB93E528207C5900E38705 /* OnboardingView.swift */ = {isa = PBXFileReference; lastKnownFileType = sourcecode.swift; path = OnboardingView.swift; sourceTree = "<group>"; };
		57C6818E2821F0B20049AAD0 /* SettingsView.swift */ = {isa = PBXFileReference; lastKnownFileType = sourcecode.swift; path = SettingsView.swift; sourceTree = "<group>"; };
		57C681902821F6450049AAD0 /* SettingsLabelView.swift */ = {isa = PBXFileReference; lastKnownFileType = sourcecode.swift; path = SettingsLabelView.swift; sourceTree = "<group>"; };
		57E862A128216E4F0014C7BD /* FruitRowView.swift */ = {isa = PBXFileReference; lastKnownFileType = sourcecode.swift; path = FruitRowView.swift; sourceTree = "<group>"; };
		57E862A3282181010014C7BD /* FruitDetailedView.swift */ = {isa = PBXFileReference; lastKnownFileType = sourcecode.swift; path = FruitDetailedView.swift; sourceTree = "<group>"; };
		57E862A5282197060014C7BD /* FruitHeaderView.swift */ = {isa = PBXFileReference; lastKnownFileType = sourcecode.swift; path = FruitHeaderView.swift; sourceTree = "<group>"; };
		57E862A7282199DC0014C7BD /* SourceLinkView.swift */ = {isa = PBXFileReference; lastKnownFileType = sourcecode.swift; path = SourceLinkView.swift; sourceTree = "<group>"; };
		57E862A92821A1B20014C7BD /* FruitNutrientsView.swift */ = {isa = PBXFileReference; lastKnownFileType = sourcecode.swift; path = FruitNutrientsView.swift; sourceTree = "<group>"; };
/* End PBXFileReference section */

/* Begin PBXFrameworksBuildPhase section */
		57BB93CB2820572900E38705 /* Frameworks */ = {
			isa = PBXFrameworksBuildPhase;
			buildActionMask = 2147483647;
			files = (
			);
			runOnlyForDeploymentPostprocessing = 0;
		};
/* End PBXFrameworksBuildPhase section */

/* Begin PBXGroup section */
		57466E6A2820A9990078DFFA /* Model */ = {
			isa = PBXGroup;
			children = (
				57466E6B2820A9B10078DFFA /* FruitsModel.swift */,
			);
			path = Model;
			sourceTree = "<group>";
		};
		57466E6D2820AA7F0078DFFA /* Data */ = {
			isa = PBXGroup;
			children = (
				57466E6E2820AA950078DFFA /* FruitsData.swift */,
			);
			path = Data;
			sourceTree = "<group>";
		};
		57BB93C52820572900E38705 = {
			isa = PBXGroup;
			children = (
				57BB93D02820572900E38705 /* Fructus */,
				57BB93CF2820572900E38705 /* Products */,
			);
			sourceTree = "<group>";
		};
		57BB93CF2820572900E38705 /* Products */ = {
			isa = PBXGroup;
			children = (
				57BB93CE2820572900E38705 /* Fructus.app */,
			);
			name = Products;
			sourceTree = "<group>";
		};
		57BB93D02820572900E38705 /* Fructus */ = {
			isa = PBXGroup;
			children = (
				57466E6D2820AA7F0078DFFA /* Data */,
				57466E6A2820A9990078DFFA /* Model */,
				57BB93E028206C0B00E38705 /* View */,
				57BB93DF28206BD200E38705 /* App */,
				57BB93D52820572B00E38705 /* Assets.xcassets */,
				57BB93D72820572B00E38705 /* Preview Content */,
			);
			path = Fructus;
			sourceTree = "<group>";
		};
		57BB93D72820572B00E38705 /* Preview Content */ = {
			isa = PBXGroup;
			children = (
				57BB93D82820572B00E38705 /* Preview Assets.xcassets */,
			);
			path = "Preview Content";
			sourceTree = "<group>";
		};
		57BB93DF28206BD200E38705 /* App */ = {
			isa = PBXGroup;
			children = (
				57BB93D12820572900E38705 /* FructusApp.swift */,
				57BB93D32820572900E38705 /* ContentView.swift */,
				57BB93E528207C5900E38705 /* OnboardingView.swift */,
				57C6818E2821F0B20049AAD0 /* SettingsView.swift */,
			);
			path = App;
			sourceTree = "<group>";
		};
		57BB93E028206C0B00E38705 /* View */ = {
			isa = PBXGroup;
			children = (
				57BB93E128206C4100E38705 /* FruitCardView.swift */,
				57BB93E32820783F00E38705 /* StartButtonView.swift */,
				57E862A128216E4F0014C7BD /* FruitRowView.swift */,
				57E862A3282181010014C7BD /* FruitDetailedView.swift */,
				57E862A5282197060014C7BD /* FruitHeaderView.swift */,
				57E862A7282199DC0014C7BD /* SourceLinkView.swift */,
				57E862A92821A1B20014C7BD /* FruitNutrientsView.swift */,
				57C681902821F6450049AAD0 /* SettingsLabelView.swift */,
			);
			path = View;
			sourceTree = "<group>";
		};
/* End PBXGroup section */

/* Begin PBXNativeTarget section */
		57BB93CD2820572900E38705 /* Fructus */ = {
			isa = PBXNativeTarget;
			buildConfigurationList = 57BB93DC2820572B00E38705 /* Build configuration list for PBXNativeTarget "Fructus" */;
			buildPhases = (
				57BB93CA2820572900E38705 /* Sources */,
				57BB93CB2820572900E38705 /* Frameworks */,
				57BB93CC2820572900E38705 /* Resources */,
			);
			buildRules = (
			);
			dependencies = (
			);
			name = Fructus;
			productName = Fructus;
			productReference = 57BB93CE2820572900E38705 /* Fructus.app */;
			productType = "com.apple.product-type.application";
		};
/* End PBXNativeTarget section */

/* Begin PBXProject section */
		57BB93C62820572900E38705 /* Project object */ = {
			isa = PBXProject;
			attributes = {
				BuildIndependentTargetsInParallel = 1;
				LastSwiftUpdateCheck = 1330;
				LastUpgradeCheck = 1330;
				TargetAttributes = {
					57BB93CD2820572900E38705 = {
						CreatedOnToolsVersion = 13.3.1;
					};
				};
			};
			buildConfigurationList = 57BB93C92820572900E38705 /* Build configuration list for PBXProject "Fructus" */;
			compatibilityVersion = "Xcode 13.0";
			developmentRegion = en;
			hasScannedForEncodings = 0;
			knownRegions = (
				en,
				Base,
			);
			mainGroup = 57BB93C52820572900E38705;
			productRefGroup = 57BB93CF2820572900E38705 /* Products */;
			projectDirPath = "";
			projectRoot = "";
			targets = (
				57BB93CD2820572900E38705 /* Fructus */,
			);
		};
/* End PBXProject section */

/* Begin PBXResourcesBuildPhase section */
		57BB93CC2820572900E38705 /* Resources */ = {
			isa = PBXResourcesBuildPhase;
			buildActionMask = 2147483647;
			files = (
				57BB93D92820572B00E38705 /* Preview Assets.xcassets in Resources */,
				57BB93D62820572B00E38705 /* Assets.xcassets in Resources */,
			);
			runOnlyForDeploymentPostprocessing = 0;
		};
/* End PBXResourcesBuildPhase section */

/* Begin PBXSourcesBuildPhase section */
		57BB93CA2820572900E38705 /* Sources */ = {
			isa = PBXSourcesBuildPhase;
			buildActionMask = 2147483647;
			files = (
				57BB93E228206C4100E38705 /* FruitCardView.swift in Sources */,
				57E862A8282199DC0014C7BD /* SourceLinkView.swift in Sources */,
				57BB93E42820783F00E38705 /* StartButtonView.swift in Sources */,
				57E862A228216E4F0014C7BD /* FruitRowView.swift in Sources */,
				57E862AA2821A1B20014C7BD /* FruitNutrientsView.swift in Sources */,
				57466E6C2820A9B10078DFFA /* FruitsModel.swift in Sources */,
				57E862A4282181010014C7BD /* FruitDetailedView.swift in Sources */,
				57BB93D42820572900E38705 /* ContentView.swift in Sources */,
				57E862A6282197060014C7BD /* FruitHeaderView.swift in Sources */,
				57466E6F2820AA950078DFFA /* FruitsData.swift in Sources */,
				57C681912821F6450049AAD0 /* SettingsLabelView.swift in Sources */,
				57BB93E628207C5900E38705 /* OnboardingView.swift in Sources */,
				57BB93D22820572900E38705 /* FructusApp.swift in Sources */,
				57C6818F2821F0B20049AAD0 /* SettingsView.swift in Sources */,
			);
			runOnlyForDeploymentPostprocessing = 0;
		};
/* End PBXSourcesBuildPhase section */

/* Begin XCBuildConfiguration section */
		57BB93DA2820572B00E38705 /* Debug */ = {
			isa = XCBuildConfiguration;
			buildSettings = {
				ALWAYS_SEARCH_USER_PATHS = NO;
				CLANG_ANALYZER_NONNULL = YES;
				CLANG_ANALYZER_NUMBER_OBJECT_CONVERSION = YES_AGGRESSIVE;
				CLANG_CXX_LANGUAGE_STANDARD = "gnu++17";
				CLANG_ENABLE_MODULES = YES;
				CLANG_ENABLE_OBJC_ARC = YES;
				CLANG_ENABLE_OBJC_WEAK = YES;
				CLANG_WARN_BLOCK_CAPTURE_AUTORELEASING = YES;
				CLANG_WARN_BOOL_CONVERSION = YES;
				CLANG_WARN_COMMA = YES;
				CLANG_WARN_CONSTANT_CONVERSION = YES;
				CLANG_WARN_DEPRECATED_OBJC_IMPLEMENTATIONS = YES;
				CLANG_WARN_DIRECT_OBJC_ISA_USAGE = YES_ERROR;
				CLANG_WARN_DOCUMENTATION_COMMENTS = YES;
				CLANG_WARN_EMPTY_BODY = YES;
				CLANG_WARN_ENUM_CONVERSION = YES;
				CLANG_WARN_INFINITE_RECURSION = YES;
				CLANG_WARN_INT_CONVERSION = YES;
				CLANG_WARN_NON_LITERAL_NULL_CONVERSION = YES;
				CLANG_WARN_OBJC_IMPLICIT_RETAIN_SELF = YES;
				CLANG_WARN_OBJC_LITERAL_CONVERSION = YES;
				CLANG_WARN_OBJC_ROOT_CLASS = YES_ERROR;
				CLANG_WARN_QUOTED_INCLUDE_IN_FRAMEWORK_HEADER = YES;
				CLANG_WARN_RANGE_LOOP_ANALYSIS = YES;
				CLANG_WARN_STRICT_PROTOTYPES = YES;
				CLANG_WARN_SUSPICIOUS_MOVE = YES;
				CLANG_WARN_UNGUARDED_AVAILABILITY = YES_AGGRESSIVE;
				CLANG_WARN_UNREACHABLE_CODE = YES;
				CLANG_WARN__DUPLICATE_METHOD_MATCH = YES;
				COPY_PHASE_STRIP = NO;
				DEBUG_INFORMATION_FORMAT = dwarf;
				ENABLE_STRICT_OBJC_MSGSEND = YES;
				ENABLE_TESTABILITY = YES;
				GCC_C_LANGUAGE_STANDARD = gnu11;
				GCC_DYNAMIC_NO_PIC = NO;
				GCC_NO_COMMON_BLOCKS = YES;
				GCC_OPTIMIZATION_LEVEL = 0;
				GCC_PREPROCESSOR_DEFINITIONS = (
					"DEBUG=1",
					"$(inherited)",
				);
				GCC_WARN_64_TO_32_BIT_CONVERSION = YES;
				GCC_WARN_ABOUT_RETURN_TYPE = YES_ERROR;
				GCC_WARN_UNDECLARED_SELECTOR = YES;
				GCC_WARN_UNINITIALIZED_AUTOS = YES_AGGRESSIVE;
				GCC_WARN_UNUSED_FUNCTION = YES;
				GCC_WARN_UNUSED_VARIABLE = YES;
				IPHONEOS_DEPLOYMENT_TARGET = 15.4;
				MTL_ENABLE_DEBUG_INFO = INCLUDE_SOURCE;
				MTL_FAST_MATH = YES;
				ONLY_ACTIVE_ARCH = YES;
				SDKROOT = iphoneos;
				SWIFT_ACTIVE_COMPILATION_CONDITIONS = DEBUG;
				SWIFT_OPTIMIZATION_LEVEL = "-Onone";
			};
			name = Debug;
		};
		57BB93DB2820572B00E38705 /* Release */ = {
			isa = XCBuildConfiguration;
			buildSettings = {
				ALWAYS_SEARCH_USER_PATHS = NO;
				CLANG_ANALYZER_NONNULL = YES;
				CLANG_ANALYZER_NUMBER_OBJECT_CONVERSION = YES_AGGRESSIVE;
				CLANG_CXX_LANGUAGE_STANDARD = "gnu++17";
				CLANG_ENABLE_MODULES = YES;
				CLANG_ENABLE_OBJC_ARC = YES;
				CLANG_ENABLE_OBJC_WEAK = YES;
				CLANG_WARN_BLOCK_CAPTURE_AUTORELEASING = YES;
				CLANG_WARN_BOOL_CONVERSION = YES;
				CLANG_WARN_COMMA = YES;
				CLANG_WARN_CONSTANT_CONVERSION = YES;
				CLANG_WARN_DEPRECATED_OBJC_IMPLEMENTATIONS = YES;
				CLANG_WARN_DIRECT_OBJC_ISA_USAGE = YES_ERROR;
				CLANG_WARN_DOCUMENTATION_COMMENTS = YES;
				CLANG_WARN_EMPTY_BODY = YES;
				CLANG_WARN_ENUM_CONVERSION = YES;
				CLANG_WARN_INFINITE_RECURSION = YES;
				CLANG_WARN_INT_CONVERSION = YES;
				CLANG_WARN_NON_LITERAL_NULL_CONVERSION = YES;
				CLANG_WARN_OBJC_IMPLICIT_RETAIN_SELF = YES;
				CLANG_WARN_OBJC_LITERAL_CONVERSION = YES;
				CLANG_WARN_OBJC_ROOT_CLASS = YES_ERROR;
				CLANG_WARN_QUOTED_INCLUDE_IN_FRAMEWORK_HEADER = YES;
				CLANG_WARN_RANGE_LOOP_ANALYSIS = YES;
				CLANG_WARN_STRICT_PROTOTYPES = YES;
				CLANG_WARN_SUSPICIOUS_MOVE = YES;
				CLANG_WARN_UNGUARDED_AVAILABILITY = YES_AGGRESSIVE;
				CLANG_WARN_UNREACHABLE_CODE = YES;
				CLANG_WARN__DUPLICATE_METHOD_MATCH = YES;
				COPY_PHASE_STRIP = NO;
				DEBUG_INFORMATION_FORMAT = "dwarf-with-dsym";
				ENABLE_NS_ASSERTIONS = NO;
				ENABLE_STRICT_OBJC_MSGSEND = YES;
				GCC_C_LANGUAGE_STANDARD = gnu11;
				GCC_NO_COMMON_BLOCKS = YES;
				GCC_WARN_64_TO_32_BIT_CONVERSION = YES;
				GCC_WARN_ABOUT_RETURN_TYPE = YES_ERROR;
				GCC_WARN_UNDECLARED_SELECTOR = YES;
				GCC_WARN_UNINITIALIZED_AUTOS = YES_AGGRESSIVE;
				GCC_WARN_UNUSED_FUNCTION = YES;
				GCC_WARN_UNUSED_VARIABLE = YES;
				IPHONEOS_DEPLOYMENT_TARGET = 15.4;
				MTL_ENABLE_DEBUG_INFO = NO;
				MTL_FAST_MATH = YES;
				SDKROOT = iphoneos;
				SWIFT_COMPILATION_MODE = wholemodule;
				SWIFT_OPTIMIZATION_LEVEL = "-O";
				VALIDATE_PRODUCT = YES;
			};
			name = Release;
		};
		57BB93DD2820572B00E38705 /* Debug */ = {
			isa = XCBuildConfiguration;
			buildSettings = {
				ASSETCATALOG_COMPILER_APPICON_NAME = AppIcon;
				ASSETCATALOG_COMPILER_GLOBAL_ACCENT_COLOR_NAME = AccentColor;
				CODE_SIGN_STYLE = Automatic;
				CURRENT_PROJECT_VERSION = 1;
				DEVELOPMENT_ASSET_PATHS = "\"Fructus/Preview Content\"";
				DEVELOPMENT_TEAM = MY8XJ3F9R5;
				ENABLE_PREVIEWS = YES;
				GENERATE_INFOPLIST_FILE = YES;
				INFOPLIST_KEY_UIApplicationSceneManifest_Generation = YES;
				INFOPLIST_KEY_UIApplicationSupportsIndirectInputEvents = YES;
				INFOPLIST_KEY_UILaunchScreen_Generation = YES;
				INFOPLIST_KEY_UISupportedInterfaceOrientations = UIInterfaceOrientationPortrait;
				INFOPLIST_KEY_UISupportedInterfaceOrientations_iPad = "UIInterfaceOrientationPortrait UIInterfaceOrientationPortraitUpsideDown UIInterfaceOrientationLandscapeLeft UIInterfaceOrientationLandscapeRight";
				INFOPLIST_KEY_UISupportedInterfaceOrientations_iPhone = "UIInterfaceOrientationPortrait UIInterfaceOrientationLandscapeLeft UIInterfaceOrientationLandscapeRight";
				IPHONEOS_DEPLOYMENT_TARGET = 14.0;
				LD_RUNPATH_SEARCH_PATHS = (
					"$(inherited)",
					"@executable_path/Frameworks",
				);
				MARKETING_VERSION = 1.0;
				PRODUCT_BUNDLE_IDENTIFIER = com.asyncamisu.Fructus;
				PRODUCT_NAME = "$(TARGET_NAME)";
				SWIFT_EMIT_LOC_STRINGS = YES;
				SWIFT_VERSION = 5.0;
				TARGETED_DEVICE_FAMILY = "1,2";
			};
			name = Debug;
		};
		57BB93DE2820572B00E38705 /* Release */ = {
			isa = XCBuildConfiguration;
			buildSettings = {
				ASSETCATALOG_COMPILER_APPICON_NAME = AppIcon;
				ASSETCATALOG_COMPILER_GLOBAL_ACCENT_COLOR_NAME = AccentColor;
				CODE_SIGN_STYLE = Automatic;
				CURRENT_PROJECT_VERSION = 1;
				DEVELOPMENT_ASSET_PATHS = "\"Fructus/Preview Content\"";
				DEVELOPMENT_TEAM = MY8XJ3F9R5;
				ENABLE_PREVIEWS = YES;
				GENERATE_INFOPLIST_FILE = YES;
				INFOPLIST_KEY_UIApplicationSceneManifest_Generation = YES;
				INFOPLIST_KEY_UIApplicationSupportsIndirectInputEvents = YES;
				INFOPLIST_KEY_UILaunchScreen_Generation = YES;
				INFOPLIST_KEY_UISupportedInterfaceOrientations = UIInterfaceOrientationPortrait;
				INFOPLIST_KEY_UISupportedInterfaceOrientations_iPad = "UIInterfaceOrientationPortrait UIInterfaceOrientationPortraitUpsideDown UIInterfaceOrientationLandscapeLeft UIInterfaceOrientationLandscapeRight";
				INFOPLIST_KEY_UISupportedInterfaceOrientations_iPhone = "UIInterfaceOrientationPortrait UIInterfaceOrientationLandscapeLeft UIInterfaceOrientationLandscapeRight";
				IPHONEOS_DEPLOYMENT_TARGET = 14.0;
				LD_RUNPATH_SEARCH_PATHS = (
					"$(inherited)",
					"@executable_path/Frameworks",
				);
				MARKETING_VERSION = 1.0;
				PRODUCT_BUNDLE_IDENTIFIER = com.asyncamisu.Fructus;
				PRODUCT_NAME = "$(TARGET_NAME)";
				SWIFT_EMIT_LOC_STRINGS = YES;
				SWIFT_VERSION = 5.0;
				TARGETED_DEVICE_FAMILY = "1,2";
			};
			name = Release;
		};
/* End XCBuildConfiguration section */

/* Begin XCConfigurationList section */
		57BB93C92820572900E38705 /* Build configuration list for PBXProject "Fructus" */ = {
			isa = XCConfigurationList;
			buildConfigurations = (
				57BB93DA2820572B00E38705 /* Debug */,
				57BB93DB2820572B00E38705 /* Release */,
			);
			defaultConfigurationIsVisible = 0;
			defaultConfigurationName = Release;
		};
		57BB93DC2820572B00E38705 /* Build configuration list for PBXNativeTarget "Fructus" */ = {
			isa = XCConfigurationList;
			buildConfigurations = (
				57BB93DD2820572B00E38705 /* Debug */,
				57BB93DE2820572B00E38705 /* Release */,
			);
			defaultConfigurationIsVisible = 0;
			defaultConfigurationName = Release;
		};
/* End XCConfigurationList section */
	};
	rootObject = 57BB93C62820572900E38705 /* Project object */;
}
